# This file is automatically @generated by Cargo.
# It is not intended for manual editing.
version = 3

[[package]]
name = "calc"
version = "0.1.0"
dependencies = [
 "colorama",
]

[[package]]
name = "colorama"
version = "0.1.0"
source = "registry+https://github.com/rust-lang/crates.io-index"
checksum = "2140224647bbc753e98f6eb36c8780a2f7cf474ae542302df44b2786908b62de"
